
Microsoft Visual Studio Solution File, Format Version 12.00
Project("{FAE04EC0-301F-11D3-BF4B-00C04F79EFBC}") = "Ex3", "Ex3\Ex3.csproj", "{45B42F21-2B1F-4D32-B7CB-339D36DF82AF}"
EndProject
Global
	GlobalSection(SolutionConfigurationPlatforms) = preSolution
		Debug|Any CPU = Debug|Any CPU
		Release|Any CPU = Release|Any CPU
	EndGlobalSection
	GlobalSection(ProjectConfigurationPlatforms) = postSolution
		{45B42F21-2B1F-4D32-B7CB-339D36DF82AF}.Debug|Any CPU.ActiveCfg = Debug|Any CPU
		{45B42F21-2B1F-4D32-B7CB-339D36DF82AF}.Debug|Any CPU.Build.0 = Debug|Any CPU
		{45B42F21-2B1F-4D32-B7CB-339D36DF82AF}.Release|Any CPU.ActiveCfg = Release|Any CPU
		{45B42F21-2B1F-4D32-B7CB-339D36DF82AF}.Release|Any CPU.Build.0 = Release|Any CPU
	EndGlobalSection
EndGlobal
