
Microsoft Visual Studio Solution File, Format Version 12.00
# Visual Studio Version 17
VisualStudioVersion = 17.0.31903.59
MinimumVisualStudioVersion = 10.0.40219.1
Project("{FAE04EC0-301F-11D3-BF4B-00C04F79EFBC}") = "Ex4", "Ex4\Ex4.csproj", "{C8E3387D-1BEF-4D88-9120-0D93104B401E}"
EndProject
Global
	GlobalSection(SolutionConfigurationPlatforms) = preSolution
		Debug|Any CPU = Debug|Any CPU
		Release|Any CPU = Release|Any CPU
	EndGlobalSection
	GlobalSection(ProjectConfigurationPlatforms) = postSolution
		{C8E3387D-1BEF-4D88-9120-0D93104B401E}.Debug|Any CPU.ActiveCfg = Debug|Any CPU
		{C8E3387D-1BEF-4D88-9120-0D93104B401E}.Debug|Any CPU.Build.0 = Debug|Any CPU
		{C8E3387D-1BEF-4D88-9120-0D93104B401E}.Release|Any CPU.ActiveCfg = Release|Any CPU
		{C8E3387D-1BEF-4D88-9120-0D93104B401E}.Release|Any CPU.Build.0 = Release|Any CPU
	EndGlobalSection
	GlobalSection(SolutionProperties) = preSolution
		HideSolutionNode = FALSE
	EndGlobalSection
	GlobalSection(ExtensibilityGlobals) = postSolution
		SolutionGuid = {C22CD374-E1F2-41CB-899E-776B01808845}
	EndGlobalSection
EndGlobal
