
Microsoft Visual Studio Solution File, Format Version 12.00
# Visual Studio Version 16
VisualStudioVersion = 16.0.31702.278
MinimumVisualStudioVersion = 10.0.40219.1
Project("{FAE04EC0-301F-11D3-BF4B-00C04F79EFBC}") = "HelloWorld", "HelloWorld\HelloWorld.csproj", "{BC0A5907-A90A-4C1A-AF26-63F1A62FFF9D}"
EndProject
Global
	GlobalSection(SolutionConfigurationPlatforms) = preSolution
		Debug|Any CPU = Debug|Any CPU
		Release|Any CPU = Release|Any CPU
	EndGlobalSection
	GlobalSection(ProjectConfigurationPlatforms) = postSolution
		{BC0A5907-A90A-4C1A-AF26-63F1A62FFF9D}.Debug|Any CPU.ActiveCfg = Debug|Any CPU
		{BC0A5907-A90A-4C1A-AF26-63F1A62FFF9D}.Debug|Any CPU.Build.0 = Debug|Any CPU
		{BC0A5907-A90A-4C1A-AF26-63F1A62FFF9D}.Release|Any CPU.ActiveCfg = Release|Any CPU
		{BC0A5907-A90A-4C1A-AF26-63F1A62FFF9D}.Release|Any CPU.Build.0 = Release|Any CPU
	EndGlobalSection
	GlobalSection(SolutionProperties) = preSolution
		HideSolutionNode = FALSE
	EndGlobalSection
	GlobalSection(ExtensibilityGlobals) = postSolution
		SolutionGuid = {9EDB5CC6-86BA-48E6-A731-72AA3BBD80B8}
	EndGlobalSection
EndGlobal
