
Microsoft Visual Studio Solution File, Format Version 12.00
Project("{FAE04EC0-301F-11D3-BF4B-00C04F79EFBC}") = "Ex1", "Ex1\Ex1.csproj", "{FCE4DA1D-C9F5-45A2-A3B9-4A3ABD6A29BD}"
EndProject
Global
	GlobalSection(SolutionConfigurationPlatforms) = preSolution
		Debug|Any CPU = Debug|Any CPU
		Release|Any CPU = Release|Any CPU
	EndGlobalSection
	GlobalSection(ProjectConfigurationPlatforms) = postSolution
		{FCE4DA1D-C9F5-45A2-A3B9-4A3ABD6A29BD}.Debug|Any CPU.ActiveCfg = Debug|Any CPU
		{FCE4DA1D-C9F5-45A2-A3B9-4A3ABD6A29BD}.Debug|Any CPU.Build.0 = Debug|Any CPU
		{FCE4DA1D-C9F5-45A2-A3B9-4A3ABD6A29BD}.Release|Any CPU.ActiveCfg = Release|Any CPU
		{FCE4DA1D-C9F5-45A2-A3B9-4A3ABD6A29BD}.Release|Any CPU.Build.0 = Release|Any CPU
	EndGlobalSection
EndGlobal
