
Microsoft Visual Studio Solution File, Format Version 12.00
# Visual Studio Version 16
VisualStudioVersion = 16.0.31105.61
MinimumVisualStudioVersion = 10.0.40219.1
Project("{8BC9CEB8-8B4A-11D0-8D11-00A0C91BC942}") = "Ex5", "Ex5\Ex5.vcxproj", "{AC8C18F5-E253-4F71-8B80-71E461C2D23D}"
EndProject
Global
	GlobalSection(SolutionConfigurationPlatforms) = preSolution
		Debug|x64 = Debug|x64
		Debug|x86 = Debug|x86
		Release|x64 = Release|x64
		Release|x86 = Release|x86
	EndGlobalSection
	GlobalSection(ProjectConfigurationPlatforms) = postSolution
		{AC8C18F5-E253-4F71-8B80-71E461C2D23D}.Debug|x64.ActiveCfg = Debug|x64
		{AC8C18F5-E253-4F71-8B80-71E461C2D23D}.Debug|x64.Build.0 = Debug|x64
		{AC8C18F5-E253-4F71-8B80-71E461C2D23D}.Debug|x86.ActiveCfg = Debug|Win32
		{AC8C18F5-E253-4F71-8B80-71E461C2D23D}.Debug|x86.Build.0 = Debug|Win32
		{AC8C18F5-E253-4F71-8B80-71E461C2D23D}.Release|x64.ActiveCfg = Release|x64
		{AC8C18F5-E253-4F71-8B80-71E461C2D23D}.Release|x64.Build.0 = Release|x64
		{AC8C18F5-E253-4F71-8B80-71E461C2D23D}.Release|x86.ActiveCfg = Release|Win32
		{AC8C18F5-E253-4F71-8B80-71E461C2D23D}.Release|x86.Build.0 = Release|Win32
	EndGlobalSection
	GlobalSection(SolutionProperties) = preSolution
		HideSolutionNode = FALSE
	EndGlobalSection
	GlobalSection(ExtensibilityGlobals) = postSolution
		SolutionGuid = {D518C811-C008-4DA1-8035-975E86DEAD81}
	EndGlobalSection
EndGlobal
