
Microsoft Visual Studio Solution File, Format Version 12.00
# Visual Studio Version 16
VisualStudioVersion = 16.0.31019.35
MinimumVisualStudioVersion = 10.0.40219.1
Project("{8BC9CEB8-8B4A-11D0-8D11-00A0C91BC942}") = "Ex5", "Ex5\Ex5.vcxproj", "{1DC51792-8EE4-431F-B9BA-D9C3F7DEF338}"
EndProject
Global
	GlobalSection(SolutionConfigurationPlatforms) = preSolution
		Debug|x64 = Debug|x64
		Debug|x86 = Debug|x86
		Release|x64 = Release|x64
		Release|x86 = Release|x86
	EndGlobalSection
	GlobalSection(ProjectConfigurationPlatforms) = postSolution
		{1DC51792-8EE4-431F-B9BA-D9C3F7DEF338}.Debug|x64.ActiveCfg = Debug|x64
		{1DC51792-8EE4-431F-B9BA-D9C3F7DEF338}.Debug|x64.Build.0 = Debug|x64
		{1DC51792-8EE4-431F-B9BA-D9C3F7DEF338}.Debug|x86.ActiveCfg = Debug|Win32
		{1DC51792-8EE4-431F-B9BA-D9C3F7DEF338}.Debug|x86.Build.0 = Debug|Win32
		{1DC51792-8EE4-431F-B9BA-D9C3F7DEF338}.Release|x64.ActiveCfg = Release|x64
		{1DC51792-8EE4-431F-B9BA-D9C3F7DEF338}.Release|x64.Build.0 = Release|x64
		{1DC51792-8EE4-431F-B9BA-D9C3F7DEF338}.Release|x86.ActiveCfg = Release|Win32
		{1DC51792-8EE4-431F-B9BA-D9C3F7DEF338}.Release|x86.Build.0 = Release|Win32
	EndGlobalSection
	GlobalSection(SolutionProperties) = preSolution
		HideSolutionNode = FALSE
	EndGlobalSection
	GlobalSection(ExtensibilityGlobals) = postSolution
		SolutionGuid = {AA2C94A6-8A0F-44FB-8F3B-3498176B930D}
	EndGlobalSection
EndGlobal
