
Microsoft Visual Studio Solution File, Format Version 12.00
# Visual Studio Version 16
VisualStudioVersion = 16.0.31105.61
MinimumVisualStudioVersion = 10.0.40219.1
Project("{8BC9CEB8-8B4A-11D0-8D11-00A0C91BC942}") = "Ex4", "Ex4\Ex4.vcxproj", "{3EB69551-14A9-447D-8FBD-32B5F7FEE6D4}"
EndProject
Global
	GlobalSection(SolutionConfigurationPlatforms) = preSolution
		Debug|x64 = Debug|x64
		Debug|x86 = Debug|x86
		Release|x64 = Release|x64
		Release|x86 = Release|x86
	EndGlobalSection
	GlobalSection(ProjectConfigurationPlatforms) = postSolution
		{3EB69551-14A9-447D-8FBD-32B5F7FEE6D4}.Debug|x64.ActiveCfg = Debug|x64
		{3EB69551-14A9-447D-8FBD-32B5F7FEE6D4}.Debug|x64.Build.0 = Debug|x64
		{3EB69551-14A9-447D-8FBD-32B5F7FEE6D4}.Debug|x86.ActiveCfg = Debug|Win32
		{3EB69551-14A9-447D-8FBD-32B5F7FEE6D4}.Debug|x86.Build.0 = Debug|Win32
		{3EB69551-14A9-447D-8FBD-32B5F7FEE6D4}.Release|x64.ActiveCfg = Release|x64
		{3EB69551-14A9-447D-8FBD-32B5F7FEE6D4}.Release|x64.Build.0 = Release|x64
		{3EB69551-14A9-447D-8FBD-32B5F7FEE6D4}.Release|x86.ActiveCfg = Release|Win32
		{3EB69551-14A9-447D-8FBD-32B5F7FEE6D4}.Release|x86.Build.0 = Release|Win32
	EndGlobalSection
	GlobalSection(SolutionProperties) = preSolution
		HideSolutionNode = FALSE
	EndGlobalSection
	GlobalSection(ExtensibilityGlobals) = postSolution
		SolutionGuid = {E92B91DB-E2F8-4379-B2D1-8CA3911503E2}
	EndGlobalSection
EndGlobal
