
Microsoft Visual Studio Solution File, Format Version 12.00
# Visual Studio Version 16
VisualStudioVersion = 16.0.31702.278
MinimumVisualStudioVersion = 10.0.40219.1
Project("{FAE04EC0-301F-11D3-BF4B-00C04F79EFBC}") = "Polymorphism", "Polymorphism\Polymorphism.csproj", "{D1EE5390-3417-4C5A-91D3-E2C4E4BB8B6E}"
EndProject
Global
	GlobalSection(SolutionConfigurationPlatforms) = preSolution
		Debug|Any CPU = Debug|Any CPU
		Release|Any CPU = Release|Any CPU
	EndGlobalSection
	GlobalSection(ProjectConfigurationPlatforms) = postSolution
		{D1EE5390-3417-4C5A-91D3-E2C4E4BB8B6E}.Debug|Any CPU.ActiveCfg = Debug|Any CPU
		{D1EE5390-3417-4C5A-91D3-E2C4E4BB8B6E}.Debug|Any CPU.Build.0 = Debug|Any CPU
		{D1EE5390-3417-4C5A-91D3-E2C4E4BB8B6E}.Release|Any CPU.ActiveCfg = Release|Any CPU
		{D1EE5390-3417-4C5A-91D3-E2C4E4BB8B6E}.Release|Any CPU.Build.0 = Release|Any CPU
	EndGlobalSection
	GlobalSection(SolutionProperties) = preSolution
		HideSolutionNode = FALSE
	EndGlobalSection
	GlobalSection(ExtensibilityGlobals) = postSolution
		SolutionGuid = {4FCD4A0B-EFA8-4C4D-B1C7-F74378EDE0C3}
	EndGlobalSection
EndGlobal
