
Microsoft Visual Studio Solution File, Format Version 12.00
Project("{FAE04EC0-301F-11D3-BF4B-00C04F79EFBC}") = "Ex3", "Ex3\Ex3.csproj", "{1F2F8F29-E27B-4BE2-9F63-34A432BD5830}"
EndProject
Global
	GlobalSection(SolutionConfigurationPlatforms) = preSolution
		Debug|Any CPU = Debug|Any CPU
		Release|Any CPU = Release|Any CPU
	EndGlobalSection
	GlobalSection(ProjectConfigurationPlatforms) = postSolution
		{1F2F8F29-E27B-4BE2-9F63-34A432BD5830}.Debug|Any CPU.ActiveCfg = Debug|Any CPU
		{1F2F8F29-E27B-4BE2-9F63-34A432BD5830}.Debug|Any CPU.Build.0 = Debug|Any CPU
		{1F2F8F29-E27B-4BE2-9F63-34A432BD5830}.Release|Any CPU.ActiveCfg = Release|Any CPU
		{1F2F8F29-E27B-4BE2-9F63-34A432BD5830}.Release|Any CPU.Build.0 = Release|Any CPU
	EndGlobalSection
EndGlobal
