
Microsoft Visual Studio Solution File, Format Version 12.00
Project("{FAE04EC0-301F-11D3-BF4B-00C04F79EFBC}") = "Ex1", "Ex1\Ex1.csproj", "{5E9B6396-B976-4A48-9432-418C52ABFDE2}"
EndProject
Global
	GlobalSection(SolutionConfigurationPlatforms) = preSolution
		Debug|Any CPU = Debug|Any CPU
		Release|Any CPU = Release|Any CPU
	EndGlobalSection
	GlobalSection(ProjectConfigurationPlatforms) = postSolution
		{5E9B6396-B976-4A48-9432-418C52ABFDE2}.Debug|Any CPU.ActiveCfg = Debug|Any CPU
		{5E9B6396-B976-4A48-9432-418C52ABFDE2}.Debug|Any CPU.Build.0 = Debug|Any CPU
		{5E9B6396-B976-4A48-9432-418C52ABFDE2}.Release|Any CPU.ActiveCfg = Release|Any CPU
		{5E9B6396-B976-4A48-9432-418C52ABFDE2}.Release|Any CPU.Build.0 = Release|Any CPU
	EndGlobalSection
EndGlobal
